
Microsoft Visual Studio Solution File, Format Version 12.00
# Visual Studio Version 17
VisualStudioVersion = 17.4.33213.308
MinimumVisualStudioVersion = 10.0.40219.1
Project("{FAE04EC0-301F-11D3-BF4B-00C04F79EFBC}") = "Viacep", "Viacep\Viacep.csproj", "{B88BD72D-C302-4261-A94E-2281E3B7DA9E}"
EndProject
Global
	GlobalSection(SolutionConfigurationPlatforms) = preSolution
		Debug|Any CPU = Debug|Any CPU
		Release|Any CPU = Release|Any CPU
	EndGlobalSection
	GlobalSection(ProjectConfigurationPlatforms) = postSolution
		{B88BD72D-C302-4261-A94E-2281E3B7DA9E}.Debug|Any CPU.ActiveCfg = Debug|Any CPU
		{B88BD72D-C302-4261-A94E-2281E3B7DA9E}.Debug|Any CPU.Build.0 = Debug|Any CPU
		{B88BD72D-C302-4261-A94E-2281E3B7DA9E}.Release|Any CPU.ActiveCfg = Release|Any CPU
		{B88BD72D-C302-4261-A94E-2281E3B7DA9E}.Release|Any CPU.Build.0 = Release|Any CPU
	EndGlobalSection
	GlobalSection(SolutionProperties) = preSolution
		HideSolutionNode = FALSE
	EndGlobalSection
	GlobalSection(ExtensibilityGlobals) = postSolution
		SolutionGuid = {A58FE509-256F-49C4-B50C-B96BCD3F366C}
	EndGlobalSection
EndGlobal
